
Microsoft Visual Studio Solution File, Format Version 12.00
# Visual Studio Version 16
VisualStudioVersion = 16.0.29519.87
MinimumVisualStudioVersion = 10.0.40219.1
Project("{FAE04EC0-301F-11D3-BF4B-00C04F79EFBC}") = "TestRedisConnection", "TestRedisConnection\TestRedisConnection.csproj", "{24C42EA9-1740-4D75-B089-963372F54E79}"
EndProject
Global
	GlobalSection(SolutionConfigurationPlatforms) = preSolution
		Debug|Any CPU = Debug|Any CPU
		Release|Any CPU = Release|Any CPU
	EndGlobalSection
	GlobalSection(ProjectConfigurationPlatforms) = postSolution
		{24C42EA9-1740-4D75-B089-963372F54E79}.Debug|Any CPU.ActiveCfg = Debug|Any CPU
		{24C42EA9-1740-4D75-B089-963372F54E79}.Debug|Any CPU.Build.0 = Debug|Any CPU
		{24C42EA9-1740-4D75-B089-963372F54E79}.Release|Any CPU.ActiveCfg = Release|Any CPU
		{24C42EA9-1740-4D75-B089-963372F54E79}.Release|Any CPU.Build.0 = Release|Any CPU
	EndGlobalSection
	GlobalSection(SolutionProperties) = preSolution
		HideSolutionNode = FALSE
	EndGlobalSection
	GlobalSection(ExtensibilityGlobals) = postSolution
		SolutionGuid = {5B35AA85-7A54-41C7-AACF-AD6C5A83C342}
	EndGlobalSection
EndGlobal
